
Microsoft Visual Studio Solution File, Format Version 12.00
# Visual Studio Version 16
VisualStudioVersion = 16.0.32106.194
MinimumVisualStudioVersion = 10.0.40219.1
Project("{FAE04EC0-301F-11D3-BF4B-00C04F79EFBC}") = "CoreWCFService", "CoreWCFService\CoreWCFService.csproj", "{4CDED4EA-EE94-42CC-810F-83C95AC65AD2}"
EndProject
Project("{FAE04EC0-301F-11D3-BF4B-00C04F79EFBC}") = "DatabaseManagerClient", "DatabaseManagerClient\DatabaseManagerClient.csproj", "{F98638D6-077C-4D18-A4C1-F0F1BCB2B3F0}"
EndProject
Project("{FAE04EC0-301F-11D3-BF4B-00C04F79EFBC}") = "DriversLibrary", "DriversLibrary\DriversLibrary.csproj", "{74B6B34F-8A25-4353-B637-BF95BEFA45E7}"
EndProject
Global
	GlobalSection(SolutionConfigurationPlatforms) = preSolution
		Debug|Any CPU = Debug|Any CPU
		Release|Any CPU = Release|Any CPU
	EndGlobalSection
	GlobalSection(ProjectConfigurationPlatforms) = postSolution
		{4CDED4EA-EE94-42CC-810F-83C95AC65AD2}.Debug|Any CPU.ActiveCfg = Debug|Any CPU
		{4CDED4EA-EE94-42CC-810F-83C95AC65AD2}.Debug|Any CPU.Build.0 = Debug|Any CPU
		{4CDED4EA-EE94-42CC-810F-83C95AC65AD2}.Release|Any CPU.ActiveCfg = Release|Any CPU
		{4CDED4EA-EE94-42CC-810F-83C95AC65AD2}.Release|Any CPU.Build.0 = Release|Any CPU
		{F98638D6-077C-4D18-A4C1-F0F1BCB2B3F0}.Debug|Any CPU.ActiveCfg = Debug|Any CPU
		{F98638D6-077C-4D18-A4C1-F0F1BCB2B3F0}.Debug|Any CPU.Build.0 = Debug|Any CPU
		{F98638D6-077C-4D18-A4C1-F0F1BCB2B3F0}.Release|Any CPU.ActiveCfg = Release|Any CPU
		{F98638D6-077C-4D18-A4C1-F0F1BCB2B3F0}.Release|Any CPU.Build.0 = Release|Any CPU
		{74B6B34F-8A25-4353-B637-BF95BEFA45E7}.Debug|Any CPU.ActiveCfg = Debug|Any CPU
		{74B6B34F-8A25-4353-B637-BF95BEFA45E7}.Debug|Any CPU.Build.0 = Debug|Any CPU
		{74B6B34F-8A25-4353-B637-BF95BEFA45E7}.Release|Any CPU.ActiveCfg = Release|Any CPU
		{74B6B34F-8A25-4353-B637-BF95BEFA45E7}.Release|Any CPU.Build.0 = Release|Any CPU
	EndGlobalSection
	GlobalSection(SolutionProperties) = preSolution
		HideSolutionNode = FALSE
	EndGlobalSection
	GlobalSection(ExtensibilityGlobals) = postSolution
		SolutionGuid = {46F98557-580D-446C-AEF5-8743F4F8C6A7}
	EndGlobalSection
EndGlobal
